
Microsoft Visual Studio Solution File, Format Version 12.00
# Visual Studio Version 16
VisualStudioVersion = 16.0.29806.167
MinimumVisualStudioVersion = 10.0.40219.1
Project("{FAE04EC0-301F-11D3-BF4B-00C04F79EFBC}") = "Homework02", "Homework02\Homework02.csproj", "{4F7B3B52-582B-4A38-933B-765CFA1A7618}"
EndProject
Global
	GlobalSection(SolutionConfigurationPlatforms) = preSolution
		Debug|Any CPU = Debug|Any CPU
		Release|Any CPU = Release|Any CPU
	EndGlobalSection
	GlobalSection(ProjectConfigurationPlatforms) = postSolution
		{4F7B3B52-582B-4A38-933B-765CFA1A7618}.Debug|Any CPU.ActiveCfg = Debug|Any CPU
		{4F7B3B52-582B-4A38-933B-765CFA1A7618}.Debug|Any CPU.Build.0 = Debug|Any CPU
		{4F7B3B52-582B-4A38-933B-765CFA1A7618}.Release|Any CPU.ActiveCfg = Release|Any CPU
		{4F7B3B52-582B-4A38-933B-765CFA1A7618}.Release|Any CPU.Build.0 = Release|Any CPU
	EndGlobalSection
	GlobalSection(SolutionProperties) = preSolution
		HideSolutionNode = FALSE
	EndGlobalSection
	GlobalSection(ExtensibilityGlobals) = postSolution
		SolutionGuid = {4F2AB318-8E8C-407E-A3FF-240D21347BDF}
	EndGlobalSection
EndGlobal
