
Microsoft Visual Studio Solution File, Format Version 12.00
# Visual Studio Version 16
VisualStudioVersion = 16.0.29806.167
MinimumVisualStudioVersion = 10.0.40219.1
Project("{FAE04EC0-301F-11D3-BF4B-00C04F79EFBC}") = "Homework06", "Homework06\Homework06.csproj", "{E6F7BEE0-99E9-4A6F-91CD-C630700F2670}"
EndProject
Global
	GlobalSection(SolutionConfigurationPlatforms) = preSolution
		Debug|Any CPU = Debug|Any CPU
		Release|Any CPU = Release|Any CPU
	EndGlobalSection
	GlobalSection(ProjectConfigurationPlatforms) = postSolution
		{E6F7BEE0-99E9-4A6F-91CD-C630700F2670}.Debug|Any CPU.ActiveCfg = Debug|Any CPU
		{E6F7BEE0-99E9-4A6F-91CD-C630700F2670}.Debug|Any CPU.Build.0 = Debug|Any CPU
		{E6F7BEE0-99E9-4A6F-91CD-C630700F2670}.Release|Any CPU.ActiveCfg = Release|Any CPU
		{E6F7BEE0-99E9-4A6F-91CD-C630700F2670}.Release|Any CPU.Build.0 = Release|Any CPU
	EndGlobalSection
	GlobalSection(SolutionProperties) = preSolution
		HideSolutionNode = FALSE
	EndGlobalSection
	GlobalSection(ExtensibilityGlobals) = postSolution
		SolutionGuid = {E76837A2-17A4-4976-BDC0-B3705273A233}
	EndGlobalSection
EndGlobal
